// !$*UTF8*$!
{
	archiveVersion = 1;
	classes = {
	};
	objectVersion = 55;
	objects = {

/* Begin PBXBuildFile section */
		ACEFC4AB287B022900FB0B01 /* AppDelegate.swift in Sources */ = {isa = PBXBuildFile; fileRef = ACEFC4AA287B022900FB0B01 /* AppDelegate.swift */; };
		ACEFC4AD287B022900FB0B01 /* SceneDelegate.swift in Sources */ = {isa = PBXBuildFile; fileRef = ACEFC4AC287B022900FB0B01 /* SceneDelegate.swift */; };
		ACEFC4AF287B022900FB0B01 /* LogInViewController.swift in Sources */ = {isa = PBXBuildFile; fileRef = ACEFC4AE287B022900FB0B01 /* LogInViewController.swift */; };
		ACEFC4B2287B022900FB0B01 /* Main.storyboard in Resources */ = {isa = PBXBuildFile; fileRef = ACEFC4B0287B022900FB0B01 /* Main.storyboard */; };
		ACEFC4B7287B022D00FB0B01 /* LaunchScreen.storyboard in Resources */ = {isa = PBXBuildFile; fileRef = ACEFC4B5287B022D00FB0B01 /* LaunchScreen.storyboard */; };
		ACEFC4FC287B15CD00FB0B01 /* Assets.xcassets in Resources */ = {isa = PBXBuildFile; fileRef = ACEFC4C2287B09D500FB0B01 /* Assets.xcassets */; };
		ACEFC4FF287CB73200FB0B01 /* DesignTemplate.swift in Sources */ = {isa = PBXBuildFile; fileRef = ACEFC4FE287CB73100FB0B01 /* DesignTemplate.swift */; };
		ACEFC506287F57E400FB0B01 /* ForgotPasswordViewController.swift in Sources */ = {isa = PBXBuildFile; fileRef = ACEFC505287F57E400FB0B01 /* ForgotPasswordViewController.swift */; };
		ACEFC509287F588500FB0B01 /* RegistrationViewController.swift in Sources */ = {isa = PBXBuildFile; fileRef = ACEFC508287F588500FB0B01 /* RegistrationViewController.swift */; };
		ACEFC50C2880AE6D00FB0B01 /* HomeViewController.swift in Sources */ = {isa = PBXBuildFile; fileRef = ACEFC50B2880AE6C00FB0B01 /* HomeViewController.swift */; };
		ACEFC50E2881EE5E00FB0B01 /* LogInViewModel.swift in Sources */ = {isa = PBXBuildFile; fileRef = ACEFC50D2881EE5D00FB0B01 /* LogInViewModel.swift */; };
		ACEFC5102882061E00FB0B01 /* GoogleService-Info.plist in Resources */ = {isa = PBXBuildFile; fileRef = ACEFC50F2882061E00FB0B01 /* GoogleService-Info.plist */; };
		ACEFC5132882097000FB0B01 /* FirebaseAuth in Frameworks */ = {isa = PBXBuildFile; productRef = ACEFC5122882097000FB0B01 /* FirebaseAuth */; };
		ACEFC5152882097000FB0B01 /* FirebaseFirestore in Frameworks */ = {isa = PBXBuildFile; productRef = ACEFC5142882097000FB0B01 /* FirebaseFirestore */; };
		ACEFC51728820A4E00FB0B01 /* FirebaseManager.swift in Sources */ = {isa = PBXBuildFile; fileRef = ACEFC51628820A4E00FB0B01 /* FirebaseManager.swift */; };
		ACEFC51E288215F000FB0B01 /* LoginAlertDictionary.swift in Sources */ = {isa = PBXBuildFile; fileRef = ACEFC51D288215F000FB0B01 /* LoginAlertDictionary.swift */; };
/* End PBXBuildFile section */

/* Begin PBXFileReference section */
		ACEFC4A7287B022900FB0B01 /* Make home beautiful.app */ = {isa = PBXFileReference; explicitFileType = wrapper.application; includeInIndex = 0; path = "Make home beautiful.app"; sourceTree = BUILT_PRODUCTS_DIR; };
		ACEFC4AA287B022900FB0B01 /* AppDelegate.swift */ = {isa = PBXFileReference; lastKnownFileType = sourcecode.swift; path = AppDelegate.swift; sourceTree = "<group>"; };
		ACEFC4AC287B022900FB0B01 /* SceneDelegate.swift */ = {isa = PBXFileReference; lastKnownFileType = sourcecode.swift; path = SceneDelegate.swift; sourceTree = "<group>"; };
		ACEFC4AE287B022900FB0B01 /* LogInViewController.swift */ = {isa = PBXFileReference; lastKnownFileType = sourcecode.swift; path = LogInViewController.swift; sourceTree = "<group>"; };
		ACEFC4B1287B022900FB0B01 /* Base */ = {isa = PBXFileReference; lastKnownFileType = file.storyboard; name = Base; path = Base.lproj/Main.storyboard; sourceTree = "<group>"; };
		ACEFC4B6287B022D00FB0B01 /* Base */ = {isa = PBXFileReference; lastKnownFileType = file.storyboard; name = Base; path = Base.lproj/LaunchScreen.storyboard; sourceTree = "<group>"; };
		ACEFC4B8287B022D00FB0B01 /* Info.plist */ = {isa = PBXFileReference; lastKnownFileType = text.plist.xml; path = Info.plist; sourceTree = "<group>"; };
		ACEFC4C2287B09D500FB0B01 /* Assets.xcassets */ = {isa = PBXFileReference; lastKnownFileType = folder.assetcatalog; name = Assets.xcassets; path = ../../../Downloads/AppIcons/Assets.xcassets; sourceTree = "<group>"; };
		ACEFC4FE287CB73100FB0B01 /* DesignTemplate.swift */ = {isa = PBXFileReference; lastKnownFileType = sourcecode.swift; path = DesignTemplate.swift; sourceTree = "<group>"; };
		ACEFC500287CBAA100FB0B01 /* ru */ = {isa = PBXFileReference; lastKnownFileType = text.plist.strings; name = ru; path = ru.lproj/Main.strings; sourceTree = "<group>"; };
		ACEFC501287CBAA100FB0B01 /* ru */ = {isa = PBXFileReference; lastKnownFileType = text.plist.strings; name = ru; path = ru.lproj/LaunchScreen.strings; sourceTree = "<group>"; };
		ACEFC505287F57E400FB0B01 /* ForgotPasswordViewController.swift */ = {isa = PBXFileReference; lastKnownFileType = sourcecode.swift; path = ForgotPasswordViewController.swift; sourceTree = "<group>"; };
		ACEFC508287F588500FB0B01 /* RegistrationViewController.swift */ = {isa = PBXFileReference; lastKnownFileType = sourcecode.swift; path = RegistrationViewController.swift; sourceTree = "<group>"; };
		ACEFC50B2880AE6C00FB0B01 /* HomeViewController.swift */ = {isa = PBXFileReference; lastKnownFileType = sourcecode.swift; path = HomeViewController.swift; sourceTree = "<group>"; };
		ACEFC50D2881EE5D00FB0B01 /* LogInViewModel.swift */ = {isa = PBXFileReference; lastKnownFileType = sourcecode.swift; path = LogInViewModel.swift; sourceTree = "<group>"; };
		ACEFC50F2882061E00FB0B01 /* GoogleService-Info.plist */ = {isa = PBXFileReference; fileEncoding = 4; lastKnownFileType = text.plist.xml; path = "GoogleService-Info.plist"; sourceTree = "<group>"; };
		ACEFC51628820A4E00FB0B01 /* FirebaseManager.swift */ = {isa = PBXFileReference; lastKnownFileType = sourcecode.swift; path = FirebaseManager.swift; sourceTree = "<group>"; };
		ACEFC51D288215F000FB0B01 /* LoginAlertDictionary.swift */ = {isa = PBXFileReference; lastKnownFileType = sourcecode.swift; path = LoginAlertDictionary.swift; sourceTree = "<group>"; };
/* End PBXFileReference section */

/* Begin PBXFrameworksBuildPhase section */
		ACEFC4A4287B022900FB0B01 /* Frameworks */ = {
			isa = PBXFrameworksBuildPhase;
			buildActionMask = 2147483647;
			files = (
				ACEFC5132882097000FB0B01 /* FirebaseAuth in Frameworks */,
				ACEFC5152882097000FB0B01 /* FirebaseFirestore in Frameworks */,
			);
			runOnlyForDeploymentPostprocessing = 0;
		};
/* End PBXFrameworksBuildPhase section */

/* Begin PBXGroup section */
		ACEFC49E287B022900FB0B01 = {
			isa = PBXGroup;
			children = (
				ACEFC4A9287B022900FB0B01 /* Make home beautiful */,
				ACEFC4A8287B022900FB0B01 /* Products */,
			);
			sourceTree = "<group>";
		};
		ACEFC4A8287B022900FB0B01 /* Products */ = {
			isa = PBXGroup;
			children = (
				ACEFC4A7287B022900FB0B01 /* Make home beautiful.app */,
			);
			name = Products;
			sourceTree = "<group>";
		};
		ACEFC4A9287B022900FB0B01 /* Make home beautiful */ = {
			isa = PBXGroup;
			children = (
				ACEFC502287F570F00FB0B01 /* Screens */,
				ACEFC51828820D1300FB0B01 /* Common */,
				ACEFC4C4287B0A3000FB0B01 /* Utilities */,
				ACEFC4B0287B022900FB0B01 /* Main.storyboard */,
				ACEFC4B5287B022D00FB0B01 /* LaunchScreen.storyboard */,
				ACEFC4AA287B022900FB0B01 /* AppDelegate.swift */,
				ACEFC4AC287B022900FB0B01 /* SceneDelegate.swift */,
				ACEFC4C2287B09D500FB0B01 /* Assets.xcassets */,
				ACEFC4B8287B022D00FB0B01 /* Info.plist */,
				ACEFC50F2882061E00FB0B01 /* GoogleService-Info.plist */,
			);
			path = "Make home beautiful";
			sourceTree = "<group>";
		};
		ACEFC4C4287B0A3000FB0B01 /* Utilities */ = {
			isa = PBXGroup;
			children = (
				ACEFC51628820A4E00FB0B01 /* FirebaseManager.swift */,
			);
			path = Utilities;
			sourceTree = "<group>";
		};
		ACEFC502287F570F00FB0B01 /* Screens */ = {
			isa = PBXGroup;
			children = (
				ACEFC50A2880AE5800FB0B01 /* Home */,
				ACEFC507287F583900FB0B01 /* Registration */,
				ACEFC503287F576D00FB0B01 /* Log in */,
				ACEFC504287F579900FB0B01 /* Forgot password */,
			);
			path = Screens;
			sourceTree = "<group>";
		};
		ACEFC503287F576D00FB0B01 /* Log in */ = {
			isa = PBXGroup;
			children = (
				ACEFC4AE287B022900FB0B01 /* LogInViewController.swift */,
				ACEFC50D2881EE5D00FB0B01 /* LogInViewModel.swift */,
			);
			path = "Log in";
			sourceTree = "<group>";
		};
		ACEFC504287F579900FB0B01 /* Forgot password */ = {
			isa = PBXGroup;
			children = (
				ACEFC505287F57E400FB0B01 /* ForgotPasswordViewController.swift */,
			);
			path = "Forgot password";
			sourceTree = "<group>";
		};
		ACEFC507287F583900FB0B01 /* Registration */ = {
			isa = PBXGroup;
			children = (
				ACEFC508287F588500FB0B01 /* RegistrationViewController.swift */,
			);
			path = Registration;
			sourceTree = "<group>";
		};
		ACEFC50A2880AE5800FB0B01 /* Home */ = {
			isa = PBXGroup;
			children = (
				ACEFC50B2880AE6C00FB0B01 /* HomeViewController.swift */,
			);
			path = Home;
			sourceTree = "<group>";
		};
		ACEFC51828820D1300FB0B01 /* Common */ = {
			isa = PBXGroup;
			children = (
				ACEFC4FE287CB73100FB0B01 /* DesignTemplate.swift */,
				ACEFC51D288215F000FB0B01 /* LoginAlertDictionary.swift */,
			);
			path = Common;
			sourceTree = "<group>";
		};
/* End PBXGroup section */

/* Begin PBXNativeTarget section */
		ACEFC4A6287B022900FB0B01 /* Make home beautiful */ = {
			isa = PBXNativeTarget;
			buildConfigurationList = ACEFC4BB287B022D00FB0B01 /* Build configuration list for PBXNativeTarget "Make home beautiful" */;
			buildPhases = (
				ACEFC4A3287B022900FB0B01 /* Sources */,
				ACEFC4A4287B022900FB0B01 /* Frameworks */,
				ACEFC4A5287B022900FB0B01 /* Resources */,
			);
			buildRules = (
			);
			dependencies = (
			);
			name = "Make home beautiful";
			packageProductDependencies = (
				ACEFC5122882097000FB0B01 /* FirebaseAuth */,
				ACEFC5142882097000FB0B01 /* FirebaseFirestore */,
			);
			productName = "Make home beautiful";
			productReference = ACEFC4A7287B022900FB0B01 /* Make home beautiful.app */;
			productType = "com.apple.product-type.application";
		};
/* End PBXNativeTarget section */

/* Begin PBXProject section */
		ACEFC49F287B022900FB0B01 /* Project object */ = {
			isa = PBXProject;
			attributes = {
				BuildIndependentTargetsInParallel = 1;
				LastSwiftUpdateCheck = 1320;
				LastUpgradeCheck = 1320;
				TargetAttributes = {
					ACEFC4A6287B022900FB0B01 = {
						CreatedOnToolsVersion = 13.2.1;
					};
				};
			};
			buildConfigurationList = ACEFC4A2287B022900FB0B01 /* Build configuration list for PBXProject "Make home beautiful" */;
			compatibilityVersion = "Xcode 13.0";
			developmentRegion = en;
			hasScannedForEncodings = 0;
			knownRegions = (
				en,
				Base,
				ru,
			);
			mainGroup = ACEFC49E287B022900FB0B01;
			packageReferences = (
				ACEFC5112882097000FB0B01 /* XCRemoteSwiftPackageReference "firebase-ios-sdk" */,
			);
			productRefGroup = ACEFC4A8287B022900FB0B01 /* Products */;
			projectDirPath = "";
			projectRoot = "";
			targets = (
				ACEFC4A6287B022900FB0B01 /* Make home beautiful */,
			);
		};
/* End PBXProject section */

/* Begin PBXResourcesBuildPhase section */
		ACEFC4A5287B022900FB0B01 /* Resources */ = {
			isa = PBXResourcesBuildPhase;
			buildActionMask = 2147483647;
			files = (
				ACEFC4B7287B022D00FB0B01 /* LaunchScreen.storyboard in Resources */,
				ACEFC4FC287B15CD00FB0B01 /* Assets.xcassets in Resources */,
				ACEFC4B2287B022900FB0B01 /* Main.storyboard in Resources */,
				ACEFC5102882061E00FB0B01 /* GoogleService-Info.plist in Resources */,
			);
			runOnlyForDeploymentPostprocessing = 0;
		};
/* End PBXResourcesBuildPhase section */

/* Begin PBXSourcesBuildPhase section */
		ACEFC4A3287B022900FB0B01 /* Sources */ = {
			isa = PBXSourcesBuildPhase;
			buildActionMask = 2147483647;
			files = (
				ACEFC4AF287B022900FB0B01 /* LogInViewController.swift in Sources */,
				ACEFC4FF287CB73200FB0B01 /* DesignTemplate.swift in Sources */,
				ACEFC51728820A4E00FB0B01 /* FirebaseManager.swift in Sources */,
				ACEFC506287F57E400FB0B01 /* ForgotPasswordViewController.swift in Sources */,
				ACEFC50C2880AE6D00FB0B01 /* HomeViewController.swift in Sources */,
				ACEFC50E2881EE5E00FB0B01 /* LogInViewModel.swift in Sources */,
				ACEFC509287F588500FB0B01 /* RegistrationViewController.swift in Sources */,
				ACEFC51E288215F000FB0B01 /* LoginAlertDictionary.swift in Sources */,
				ACEFC4AB287B022900FB0B01 /* AppDelegate.swift in Sources */,
				ACEFC4AD287B022900FB0B01 /* SceneDelegate.swift in Sources */,
			);
			runOnlyForDeploymentPostprocessing = 0;
		};
/* End PBXSourcesBuildPhase section */

/* Begin PBXVariantGroup section */
		ACEFC4B0287B022900FB0B01 /* Main.storyboard */ = {
			isa = PBXVariantGroup;
			children = (
				ACEFC4B1287B022900FB0B01 /* Base */,
				ACEFC500287CBAA100FB0B01 /* ru */,
			);
			name = Main.storyboard;
			sourceTree = "<group>";
		};
		ACEFC4B5287B022D00FB0B01 /* LaunchScreen.storyboard */ = {
			isa = PBXVariantGroup;
			children = (
				ACEFC4B6287B022D00FB0B01 /* Base */,
				ACEFC501287CBAA100FB0B01 /* ru */,
			);
			name = LaunchScreen.storyboard;
			sourceTree = "<group>";
		};
/* End PBXVariantGroup section */

/* Begin XCBuildConfiguration section */
		ACEFC4B9287B022D00FB0B01 /* Debug */ = {
			isa = XCBuildConfiguration;
			buildSettings = {
				ALWAYS_SEARCH_USER_PATHS = NO;
				CLANG_ANALYZER_LOCALIZABILITY_NONLOCALIZED = YES;
				CLANG_ANALYZER_NONNULL = YES;
				CLANG_ANALYZER_NUMBER_OBJECT_CONVERSION = YES_AGGRESSIVE;
				CLANG_CXX_LANGUAGE_STANDARD = "gnu++17";
				CLANG_CXX_LIBRARY = "libc++";
				CLANG_ENABLE_MODULES = YES;
				CLANG_ENABLE_OBJC_ARC = YES;
				CLANG_ENABLE_OBJC_WEAK = YES;
				CLANG_WARN_BLOCK_CAPTURE_AUTORELEASING = YES;
				CLANG_WARN_BOOL_CONVERSION = YES;
				CLANG_WARN_COMMA = YES;
				CLANG_WARN_CONSTANT_CONVERSION = YES;
				CLANG_WARN_DEPRECATED_OBJC_IMPLEMENTATIONS = YES;
				CLANG_WARN_DIRECT_OBJC_ISA_USAGE = YES_ERROR;
				CLANG_WARN_DOCUMENTATION_COMMENTS = YES;
				CLANG_WARN_EMPTY_BODY = YES;
				CLANG_WARN_ENUM_CONVERSION = YES;
				CLANG_WARN_INFINITE_RECURSION = YES;
				CLANG_WARN_INT_CONVERSION = YES;
				CLANG_WARN_NON_LITERAL_NULL_CONVERSION = YES;
				CLANG_WARN_OBJC_IMPLICIT_RETAIN_SELF = YES;
				CLANG_WARN_OBJC_LITERAL_CONVERSION = YES;
				CLANG_WARN_OBJC_ROOT_CLASS = YES_ERROR;
				CLANG_WARN_QUOTED_INCLUDE_IN_FRAMEWORK_HEADER = YES;
				CLANG_WARN_RANGE_LOOP_ANALYSIS = YES;
				CLANG_WARN_STRICT_PROTOTYPES = YES;
				CLANG_WARN_SUSPICIOUS_MOVE = YES;
				CLANG_WARN_UNGUARDED_AVAILABILITY = YES_AGGRESSIVE;
				CLANG_WARN_UNREACHABLE_CODE = YES;
				CLANG_WARN__DUPLICATE_METHOD_MATCH = YES;
				COPY_PHASE_STRIP = NO;
				DEBUG_INFORMATION_FORMAT = dwarf;
				ENABLE_STRICT_OBJC_MSGSEND = YES;
				ENABLE_TESTABILITY = YES;
				GCC_C_LANGUAGE_STANDARD = gnu11;
				GCC_DYNAMIC_NO_PIC = NO;
				GCC_NO_COMMON_BLOCKS = YES;
				GCC_OPTIMIZATION_LEVEL = 0;
				GCC_PREPROCESSOR_DEFINITIONS = (
					"DEBUG=1",
					"$(inherited)",
				);
				GCC_WARN_64_TO_32_BIT_CONVERSION = YES;
				GCC_WARN_ABOUT_RETURN_TYPE = YES_ERROR;
				GCC_WARN_UNDECLARED_SELECTOR = YES;
				GCC_WARN_UNINITIALIZED_AUTOS = YES_AGGRESSIVE;
				GCC_WARN_UNUSED_FUNCTION = YES;
				GCC_WARN_UNUSED_VARIABLE = YES;
				IPHONEOS_DEPLOYMENT_TARGET = 15.0;
				MTL_ENABLE_DEBUG_INFO = INCLUDE_SOURCE;
				MTL_FAST_MATH = YES;
				ONLY_ACTIVE_ARCH = YES;
				SDKROOT = iphoneos;
				SWIFT_ACTIVE_COMPILATION_CONDITIONS = DEBUG;
				SWIFT_OPTIMIZATION_LEVEL = "-Onone";
			};
			name = Debug;
		};
		ACEFC4BA287B022D00FB0B01 /* Release */ = {
			isa = XCBuildConfiguration;
			buildSettings = {
				ALWAYS_SEARCH_USER_PATHS = NO;
				CLANG_ANALYZER_LOCALIZABILITY_NONLOCALIZED = YES;
				CLANG_ANALYZER_NONNULL = YES;
				CLANG_ANALYZER_NUMBER_OBJECT_CONVERSION = YES_AGGRESSIVE;
				CLANG_CXX_LANGUAGE_STANDARD = "gnu++17";
				CLANG_CXX_LIBRARY = "libc++";
				CLANG_ENABLE_MODULES = YES;
				CLANG_ENABLE_OBJC_ARC = YES;
				CLANG_ENABLE_OBJC_WEAK = YES;
				CLANG_WARN_BLOCK_CAPTURE_AUTORELEASING = YES;
				CLANG_WARN_BOOL_CONVERSION = YES;
				CLANG_WARN_COMMA = YES;
				CLANG_WARN_CONSTANT_CONVERSION = YES;
				CLANG_WARN_DEPRECATED_OBJC_IMPLEMENTATIONS = YES;
				CLANG_WARN_DIRECT_OBJC_ISA_USAGE = YES_ERROR;
				CLANG_WARN_DOCUMENTATION_COMMENTS = YES;
				CLANG_WARN_EMPTY_BODY = YES;
				CLANG_WARN_ENUM_CONVERSION = YES;
				CLANG_WARN_INFINITE_RECURSION = YES;
				CLANG_WARN_INT_CONVERSION = YES;
				CLANG_WARN_NON_LITERAL_NULL_CONVERSION = YES;
				CLANG_WARN_OBJC_IMPLICIT_RETAIN_SELF = YES;
				CLANG_WARN_OBJC_LITERAL_CONVERSION = YES;
				CLANG_WARN_OBJC_ROOT_CLASS = YES_ERROR;
				CLANG_WARN_QUOTED_INCLUDE_IN_FRAMEWORK_HEADER = YES;
				CLANG_WARN_RANGE_LOOP_ANALYSIS = YES;
				CLANG_WARN_STRICT_PROTOTYPES = YES;
				CLANG_WARN_SUSPICIOUS_MOVE = YES;
				CLANG_WARN_UNGUARDED_AVAILABILITY = YES_AGGRESSIVE;
				CLANG_WARN_UNREACHABLE_CODE = YES;
				CLANG_WARN__DUPLICATE_METHOD_MATCH = YES;
				COPY_PHASE_STRIP = NO;
				DEBUG_INFORMATION_FORMAT = "dwarf-with-dsym";
				ENABLE_NS_ASSERTIONS = NO;
				ENABLE_STRICT_OBJC_MSGSEND = YES;
				GCC_C_LANGUAGE_STANDARD = gnu11;
				GCC_NO_COMMON_BLOCKS = YES;
				GCC_WARN_64_TO_32_BIT_CONVERSION = YES;
				GCC_WARN_ABOUT_RETURN_TYPE = YES_ERROR;
				GCC_WARN_UNDECLARED_SELECTOR = YES;
				GCC_WARN_UNINITIALIZED_AUTOS = YES_AGGRESSIVE;
				GCC_WARN_UNUSED_FUNCTION = YES;
				GCC_WARN_UNUSED_VARIABLE = YES;
				IPHONEOS_DEPLOYMENT_TARGET = 15.0;
				MTL_ENABLE_DEBUG_INFO = NO;
				MTL_FAST_MATH = YES;
				SDKROOT = iphoneos;
				SWIFT_COMPILATION_MODE = wholemodule;
				SWIFT_OPTIMIZATION_LEVEL = "-O";
				VALIDATE_PRODUCT = YES;
			};
			name = Release;
		};
		ACEFC4BC287B022D00FB0B01 /* Debug */ = {
			isa = XCBuildConfiguration;
			buildSettings = {
				ASSETCATALOG_COMPILER_APPICON_NAME = AppIcon;
				ASSETCATALOG_COMPILER_GLOBAL_ACCENT_COLOR_NAME = AccentColor;
				CODE_SIGN_STYLE = Automatic;
				CURRENT_PROJECT_VERSION = 1;
				DEVELOPMENT_TEAM = 7U9B23V65L;
				GENERATE_INFOPLIST_FILE = YES;
				INFOPLIST_FILE = "Make home beautiful/Info.plist";
				INFOPLIST_KEY_CFBundleDisplayName = "Сделай дом красивым";
				INFOPLIST_KEY_UIApplicationSupportsIndirectInputEvents = YES;
				INFOPLIST_KEY_UILaunchStoryboardName = LaunchScreen;
				INFOPLIST_KEY_UIMainStoryboardFile = Main;
				INFOPLIST_KEY_UISupportedInterfaceOrientations = UIInterfaceOrientationPortrait;
				INFOPLIST_KEY_UISupportedInterfaceOrientations_iPad = "UIInterfaceOrientationPortrait UIInterfaceOrientationPortraitUpsideDown UIInterfaceOrientationLandscapeLeft UIInterfaceOrientationLandscapeRight";
				INFOPLIST_KEY_UISupportedInterfaceOrientations_iPhone = "UIInterfaceOrientationPortrait UIInterfaceOrientationLandscapeLeft UIInterfaceOrientationLandscapeRight";
				LD_RUNPATH_SEARCH_PATHS = (
					"$(inherited)",
					"@executable_path/Frameworks",
				);
				MARKETING_VERSION = 1.0;
				PRODUCT_BUNDLE_IDENTIFIER = "com.NoNameStudio.Make-home-beautiful";
				PRODUCT_NAME = "$(TARGET_NAME)";
				SWIFT_EMIT_LOC_STRINGS = YES;
				SWIFT_VERSION = 5.0;
				TARGETED_DEVICE_FAMILY = 1;
			};
			name = Debug;
		};
		ACEFC4BD287B022D00FB0B01 /* Release */ = {
			isa = XCBuildConfiguration;
			buildSettings = {
				ASSETCATALOG_COMPILER_APPICON_NAME = AppIcon;
				ASSETCATALOG_COMPILER_GLOBAL_ACCENT_COLOR_NAME = AccentColor;
				CODE_SIGN_STYLE = Automatic;
				CURRENT_PROJECT_VERSION = 1;
				DEVELOPMENT_TEAM = 7U9B23V65L;
				GENERATE_INFOPLIST_FILE = YES;
				INFOPLIST_FILE = "Make home beautiful/Info.plist";
				INFOPLIST_KEY_CFBundleDisplayName = "Сделай дом красивым";
				INFOPLIST_KEY_UIApplicationSupportsIndirectInputEvents = YES;
				INFOPLIST_KEY_UILaunchStoryboardName = LaunchScreen;
				INFOPLIST_KEY_UIMainStoryboardFile = Main;
				INFOPLIST_KEY_UISupportedInterfaceOrientations = UIInterfaceOrientationPortrait;
				INFOPLIST_KEY_UISupportedInterfaceOrientations_iPad = "UIInterfaceOrientationPortrait UIInterfaceOrientationPortraitUpsideDown UIInterfaceOrientationLandscapeLeft UIInterfaceOrientationLandscapeRight";
				INFOPLIST_KEY_UISupportedInterfaceOrientations_iPhone = "UIInterfaceOrientationPortrait UIInterfaceOrientationLandscapeLeft UIInterfaceOrientationLandscapeRight";
				LD_RUNPATH_SEARCH_PATHS = (
					"$(inherited)",
					"@executable_path/Frameworks",
				);
				MARKETING_VERSION = 1.0;
				PRODUCT_BUNDLE_IDENTIFIER = "com.NoNameStudio.Make-home-beautiful";
				PRODUCT_NAME = "$(TARGET_NAME)";
				SWIFT_EMIT_LOC_STRINGS = YES;
				SWIFT_VERSION = 5.0;
				TARGETED_DEVICE_FAMILY = 1;
			};
			name = Release;
		};
/* End XCBuildConfiguration section */

/* Begin XCConfigurationList section */
		ACEFC4A2287B022900FB0B01 /* Build configuration list for PBXProject "Make home beautiful" */ = {
			isa = XCConfigurationList;
			buildConfigurations = (
				ACEFC4B9287B022D00FB0B01 /* Debug */,
				ACEFC4BA287B022D00FB0B01 /* Release */,
			);
			defaultConfigurationIsVisible = 0;
			defaultConfigurationName = Release;
		};
		ACEFC4BB287B022D00FB0B01 /* Build configuration list for PBXNativeTarget "Make home beautiful" */ = {
			isa = XCConfigurationList;
			buildConfigurations = (
				ACEFC4BC287B022D00FB0B01 /* Debug */,
				ACEFC4BD287B022D00FB0B01 /* Release */,
			);
			defaultConfigurationIsVisible = 0;
			defaultConfigurationName = Release;
		};
/* End XCConfigurationList section */

/* Begin XCRemoteSwiftPackageReference section */
		ACEFC5112882097000FB0B01 /* XCRemoteSwiftPackageReference "firebase-ios-sdk" */ = {
			isa = XCRemoteSwiftPackageReference;
			repositoryURL = "https://github.com/firebase/firebase-ios-sdk";
			requirement = {
				kind = upToNextMajorVersion;
				minimumVersion = 9.0.0;
			};
		};
/* End XCRemoteSwiftPackageReference section */

/* Begin XCSwiftPackageProductDependency section */
		ACEFC5122882097000FB0B01 /* FirebaseAuth */ = {
			isa = XCSwiftPackageProductDependency;
			package = ACEFC5112882097000FB0B01 /* XCRemoteSwiftPackageReference "firebase-ios-sdk" */;
			productName = FirebaseAuth;
		};
		ACEFC5142882097000FB0B01 /* FirebaseFirestore */ = {
			isa = XCSwiftPackageProductDependency;
			package = ACEFC5112882097000FB0B01 /* XCRemoteSwiftPackageReference "firebase-ios-sdk" */;
			productName = FirebaseFirestore;
		};
/* End XCSwiftPackageProductDependency section */
	};
	rootObject = ACEFC49F287B022900FB0B01 /* Project object */;
}
